{
  "requires": true,
  "lockfileVersion": 1,
  "dependencies": {
    "@ng-bootstrap/ng-bootstrap": {
      "version": "6.0.1",
      "resolved": "https://registry.npmjs.org/@ng-bootstrap/ng-bootstrap/-/ng-bootstrap-6.0.1.tgz",
      "integrity": "sha512-X8eInELESvz330DQ4lYLh/e/6hCbnxPEbcuBU13uEplHeYQO2ClC/VmnOXmop923NICN/YOYEHzm32IkX3jHAA=="
    }
  }
}
